# This file is automatically @generated by Cargo.
# It is not intended for manual editing.
version = 3

[[package]]
name = "rdf"
version = "0.1.4"
source = "registry+https://github.com/rust-lang/crates.io-index"
checksum = "bb1725bf0133fe4a3279e18efd6d69f952cb8356bf8b835023042e1b98d4c646"

[[package]]
name = "rdf_llm"
version = "0.1.0"
dependencies = [
 "rdf",
]
